// !$*UTF8*$!
{
	archiveVersion = 1;
	classes = {
	};
	objectVersion = 56;
	objects = {

/* Begin PBXBuildFile section */
		B10E20D82A3908CD00E2D51F /* AppDelegate.swift in Sources */ = {isa = PBXBuildFile; fileRef = B10E20D72A3908CD00E2D51F /* AppDelegate.swift */; };
		B10E20DA2A3908CD00E2D51F /* SceneDelegate.swift in Sources */ = {isa = PBXBuildFile; fileRef = B10E20D92A3908CD00E2D51F /* SceneDelegate.swift */; };
		B10E20DF2A3908CD00E2D51F /* Main.storyboard in Resources */ = {isa = PBXBuildFile; fileRef = B10E20DD2A3908CD00E2D51F /* Main.storyboard */; };
		B10E20E12A3908CE00E2D51F /* Assets.xcassets in Resources */ = {isa = PBXBuildFile; fileRef = B10E20E02A3908CE00E2D51F /* Assets.xcassets */; };
		B10E20E42A3908CE00E2D51F /* LaunchScreen.storyboard in Resources */ = {isa = PBXBuildFile; fileRef = B10E20E22A3908CE00E2D51F /* LaunchScreen.storyboard */; };
		B10E20EC2A390B3400E2D51F /* CharacterListTableVC.swift in Sources */ = {isa = PBXBuildFile; fileRef = B10E20EB2A390B3400E2D51F /* CharacterListTableVC.swift */; };
		B10E20EE2A390B6A00E2D51F /* CharacterDetailVC.swift in Sources */ = {isa = PBXBuildFile; fileRef = B10E20ED2A390B6A00E2D51F /* CharacterDetailVC.swift */; };
		B10E20F02A39506F00E2D51F /* MainSplitVC.swift in Sources */ = {isa = PBXBuildFile; fileRef = B10E20EF2A39506F00E2D51F /* MainSplitVC.swift */; };
		B10E20F52A39650A00E2D51F /* Character.swift in Sources */ = {isa = PBXBuildFile; fileRef = B10E20F42A39650A00E2D51F /* Character.swift */; };
		B10E20F82A3970B800E2D51F /* DuckduckgoAPIService.swift in Sources */ = {isa = PBXBuildFile; fileRef = B10E20F72A3970B800E2D51F /* DuckduckgoAPIService.swift */; };
		B10E20FA2A39760600E2D51F /* CharacterViewModel.swift in Sources */ = {isa = PBXBuildFile; fileRef = B10E20F92A39760600E2D51F /* CharacterViewModel.swift */; };
		B10E21122A399B3900E2D51F /* CharacterListTableVC.swift in Sources */ = {isa = PBXBuildFile; fileRef = B10E20EB2A390B3400E2D51F /* CharacterListTableVC.swift */; };
		B10E21132A399B3900E2D51F /* AppDelegate.swift in Sources */ = {isa = PBXBuildFile; fileRef = B10E20D72A3908CD00E2D51F /* AppDelegate.swift */; };
		B10E21142A399B3900E2D51F /* SceneDelegate.swift in Sources */ = {isa = PBXBuildFile; fileRef = B10E20D92A3908CD00E2D51F /* SceneDelegate.swift */; };
		B10E21152A399B3900E2D51F /* DuckduckgoAPIService.swift in Sources */ = {isa = PBXBuildFile; fileRef = B10E20F72A3970B800E2D51F /* DuckduckgoAPIService.swift */; };
		B10E21162A399B3900E2D51F /* CharacterViewModel.swift in Sources */ = {isa = PBXBuildFile; fileRef = B10E20F92A39760600E2D51F /* CharacterViewModel.swift */; };
		B10E21172A399B3900E2D51F /* Character.swift in Sources */ = {isa = PBXBuildFile; fileRef = B10E20F42A39650A00E2D51F /* Character.swift */; };
		B10E21182A399B3900E2D51F /* CharacterDetailVC.swift in Sources */ = {isa = PBXBuildFile; fileRef = B10E20ED2A390B6A00E2D51F /* CharacterDetailVC.swift */; };
		B10E21192A399B3900E2D51F /* MainSplitVC.swift in Sources */ = {isa = PBXBuildFile; fileRef = B10E20EF2A39506F00E2D51F /* MainSplitVC.swift */; };
		B10E211C2A399B3900E2D51F /* LaunchScreen.storyboard in Resources */ = {isa = PBXBuildFile; fileRef = B10E20E22A3908CE00E2D51F /* LaunchScreen.storyboard */; };
		B10E211D2A399B3900E2D51F /* Assets.xcassets in Resources */ = {isa = PBXBuildFile; fileRef = B10E20E02A3908CE00E2D51F /* Assets.xcassets */; };
		B10E211E2A399B3900E2D51F /* Main.storyboard in Resources */ = {isa = PBXBuildFile; fileRef = B10E20DD2A3908CD00E2D51F /* Main.storyboard */; };
/* End PBXBuildFile section */

/* Begin PBXFileReference section */
		B10E20D42A3908CD00E2D51F /* CharacterViewerSimpson.app */ = {isa = PBXFileReference; explicitFileType = wrapper.application; includeInIndex = 0; path = CharacterViewerSimpson.app; sourceTree = BUILT_PRODUCTS_DIR; };
		B10E20D72A3908CD00E2D51F /* AppDelegate.swift */ = {isa = PBXFileReference; lastKnownFileType = sourcecode.swift; path = AppDelegate.swift; sourceTree = "<group>"; };
		B10E20D92A3908CD00E2D51F /* SceneDelegate.swift */ = {isa = PBXFileReference; lastKnownFileType = sourcecode.swift; path = SceneDelegate.swift; sourceTree = "<group>"; };
		B10E20DE2A3908CD00E2D51F /* Base */ = {isa = PBXFileReference; lastKnownFileType = file.storyboard; name = Base; path = Base.lproj/Main.storyboard; sourceTree = "<group>"; };
		B10E20E02A3908CE00E2D51F /* Assets.xcassets */ = {isa = PBXFileReference; lastKnownFileType = folder.assetcatalog; path = Assets.xcassets; sourceTree = "<group>"; };
		B10E20E32A3908CE00E2D51F /* Base */ = {isa = PBXFileReference; lastKnownFileType = file.storyboard; name = Base; path = Base.lproj/LaunchScreen.storyboard; sourceTree = "<group>"; };
		B10E20E52A3908CE00E2D51F /* Info.plist */ = {isa = PBXFileReference; lastKnownFileType = text.plist.xml; path = Info.plist; sourceTree = "<group>"; };
		B10E20EB2A390B3400E2D51F /* CharacterListTableVC.swift */ = {isa = PBXFileReference; lastKnownFileType = sourcecode.swift; path = CharacterListTableVC.swift; sourceTree = "<group>"; };
		B10E20ED2A390B6A00E2D51F /* CharacterDetailVC.swift */ = {isa = PBXFileReference; lastKnownFileType = sourcecode.swift; path = CharacterDetailVC.swift; sourceTree = "<group>"; };
		B10E20EF2A39506F00E2D51F /* MainSplitVC.swift */ = {isa = PBXFileReference; lastKnownFileType = sourcecode.swift; path = MainSplitVC.swift; sourceTree = "<group>"; };
		B10E20F42A39650A00E2D51F /* Character.swift */ = {isa = PBXFileReference; lastKnownFileType = sourcecode.swift; path = Character.swift; sourceTree = "<group>"; };
		B10E20F72A3970B800E2D51F /* DuckduckgoAPIService.swift */ = {isa = PBXFileReference; lastKnownFileType = sourcecode.swift; path = DuckduckgoAPIService.swift; sourceTree = "<group>"; };
		B10E20F92A39760600E2D51F /* CharacterViewModel.swift */ = {isa = PBXFileReference; lastKnownFileType = sourcecode.swift; path = CharacterViewModel.swift; sourceTree = "<group>"; };
		B10E21222A399B3900E2D51F /* CharacterViewerWire.app */ = {isa = PBXFileReference; explicitFileType = wrapper.application; includeInIndex = 0; path = CharacterViewerWire.app; sourceTree = BUILT_PRODUCTS_DIR; };
/* End PBXFileReference section */

/* Begin PBXFrameworksBuildPhase section */
		B10E20D12A3908CD00E2D51F /* Frameworks */ = {
			isa = PBXFrameworksBuildPhase;
			buildActionMask = 2147483647;
			files = (
			);
			runOnlyForDeploymentPostprocessing = 0;
		};
		B10E211A2A399B3900E2D51F /* Frameworks */ = {
			isa = PBXFrameworksBuildPhase;
			buildActionMask = 2147483647;
			files = (
			);
			runOnlyForDeploymentPostprocessing = 0;
		};
/* End PBXFrameworksBuildPhase section */

/* Begin PBXGroup section */
		B10E20CB2A3908CD00E2D51F = {
			isa = PBXGroup;
			children = (
				B10E20D62A3908CD00E2D51F /* CharacterViewer */,
				B10E20D52A3908CD00E2D51F /* Products */,
			);
			sourceTree = "<group>";
		};
		B10E20D52A3908CD00E2D51F /* Products */ = {
			isa = PBXGroup;
			children = (
				B10E20D42A3908CD00E2D51F /* CharacterViewerSimpson.app */,
				B10E21222A399B3900E2D51F /* CharacterViewerWire.app */,
			);
			name = Products;
			sourceTree = "<group>";
		};
		B10E20D62A3908CD00E2D51F /* CharacterViewer */ = {
			isa = PBXGroup;
			children = (
				B10E20F62A39709000E2D51F /* Services */,
				B10E20F12A3964BE00E2D51F /* Models */,
				B10E20F22A3964C700E2D51F /* View Models */,
				B10E20F32A3964D300E2D51F /* View Controllers */,
				B10E20D72A3908CD00E2D51F /* AppDelegate.swift */,
				B10E20D92A3908CD00E2D51F /* SceneDelegate.swift */,
				B10E20DD2A3908CD00E2D51F /* Main.storyboard */,
				B10E20E02A3908CE00E2D51F /* Assets.xcassets */,
				B10E20E22A3908CE00E2D51F /* LaunchScreen.storyboard */,
				B10E20E52A3908CE00E2D51F /* Info.plist */,
			);
			path = CharacterViewer;
			sourceTree = "<group>";
		};
		B10E20F12A3964BE00E2D51F /* Models */ = {
			isa = PBXGroup;
			children = (
				B10E20F42A39650A00E2D51F /* Character.swift */,
			);
			path = Models;
			sourceTree = "<group>";
		};
		B10E20F22A3964C700E2D51F /* View Models */ = {
			isa = PBXGroup;
			children = (
				B10E20F92A39760600E2D51F /* CharacterViewModel.swift */,
			);
			path = "View Models";
			sourceTree = "<group>";
		};
		B10E20F32A3964D300E2D51F /* View Controllers */ = {
			isa = PBXGroup;
			children = (
				B10E20EF2A39506F00E2D51F /* MainSplitVC.swift */,
				B10E20EB2A390B3400E2D51F /* CharacterListTableVC.swift */,
				B10E20ED2A390B6A00E2D51F /* CharacterDetailVC.swift */,
			);
			path = "View Controllers";
			sourceTree = "<group>";
		};
		B10E20F62A39709000E2D51F /* Services */ = {
			isa = PBXGroup;
			children = (
				B10E20F72A3970B800E2D51F /* DuckduckgoAPIService.swift */,
			);
			path = Services;
			sourceTree = "<group>";
		};
/* End PBXGroup section */

/* Begin PBXNativeTarget section */
		B10E20D32A3908CD00E2D51F /* CharacterViewerSimpson */ = {
			isa = PBXNativeTarget;
			buildConfigurationList = B10E20E82A3908CE00E2D51F /* Build configuration list for PBXNativeTarget "CharacterViewerSimpson" */;
			buildPhases = (
				B10E20D02A3908CD00E2D51F /* Sources */,
				B10E20D12A3908CD00E2D51F /* Frameworks */,
				B10E20D22A3908CD00E2D51F /* Resources */,
			);
			buildRules = (
			);
			dependencies = (
			);
			name = CharacterViewerSimpson;
			productName = CharacterViewer;
			productReference = B10E20D42A3908CD00E2D51F /* CharacterViewerSimpson.app */;
			productType = "com.apple.product-type.application";
		};
		B10E21102A399B3900E2D51F /* CharacterViewerWire */ = {
			isa = PBXNativeTarget;
			buildConfigurationList = B10E211F2A399B3900E2D51F /* Build configuration list for PBXNativeTarget "CharacterViewerWire" */;
			buildPhases = (
				B10E21112A399B3900E2D51F /* Sources */,
				B10E211A2A399B3900E2D51F /* Frameworks */,
				B10E211B2A399B3900E2D51F /* Resources */,
			);
			buildRules = (
			);
			dependencies = (
			);
			name = CharacterViewerWire;
			productName = CharacterViewer;
			productReference = B10E21222A399B3900E2D51F /* CharacterViewerWire.app */;
			productType = "com.apple.product-type.application";
		};
/* End PBXNativeTarget section */

/* Begin PBXProject section */
		B10E20CC2A3908CD00E2D51F /* Project object */ = {
			isa = PBXProject;
			attributes = {
				BuildIndependentTargetsInParallel = 1;
				LastSwiftUpdateCheck = 1430;
				LastUpgradeCheck = 1430;
				TargetAttributes = {
					B10E20D32A3908CD00E2D51F = {
						CreatedOnToolsVersion = 14.3.1;
					};
				};
			};
			buildConfigurationList = B10E20CF2A3908CD00E2D51F /* Build configuration list for PBXProject "CharacterViewer" */;
			compatibilityVersion = "Xcode 14.0";
			developmentRegion = en;
			hasScannedForEncodings = 0;
			knownRegions = (
				en,
				Base,
			);
			mainGroup = B10E20CB2A3908CD00E2D51F;
			productRefGroup = B10E20D52A3908CD00E2D51F /* Products */;
			projectDirPath = "";
			projectRoot = "";
			targets = (
				B10E20D32A3908CD00E2D51F /* CharacterViewerSimpson */,
				B10E21102A399B3900E2D51F /* CharacterViewerWire */,
			);
		};
/* End PBXProject section */

/* Begin PBXResourcesBuildPhase section */
		B10E20D22A3908CD00E2D51F /* Resources */ = {
			isa = PBXResourcesBuildPhase;
			buildActionMask = 2147483647;
			files = (
				B10E20E42A3908CE00E2D51F /* LaunchScreen.storyboard in Resources */,
				B10E20E12A3908CE00E2D51F /* Assets.xcassets in Resources */,
				B10E20DF2A3908CD00E2D51F /* Main.storyboard in Resources */,
			);
			runOnlyForDeploymentPostprocessing = 0;
		};
		B10E211B2A399B3900E2D51F /* Resources */ = {
			isa = PBXResourcesBuildPhase;
			buildActionMask = 2147483647;
			files = (
				B10E211C2A399B3900E2D51F /* LaunchScreen.storyboard in Resources */,
				B10E211D2A399B3900E2D51F /* Assets.xcassets in Resources */,
				B10E211E2A399B3900E2D51F /* Main.storyboard in Resources */,
			);
			runOnlyForDeploymentPostprocessing = 0;
		};
/* End PBXResourcesBuildPhase section */

/* Begin PBXSourcesBuildPhase section */
		B10E20D02A3908CD00E2D51F /* Sources */ = {
			isa = PBXSourcesBuildPhase;
			buildActionMask = 2147483647;
			files = (
				B10E20EC2A390B3400E2D51F /* CharacterListTableVC.swift in Sources */,
				B10E20D82A3908CD00E2D51F /* AppDelegate.swift in Sources */,
				B10E20DA2A3908CD00E2D51F /* SceneDelegate.swift in Sources */,
				B10E20F82A3970B800E2D51F /* DuckduckgoAPIService.swift in Sources */,
				B10E20FA2A39760600E2D51F /* CharacterViewModel.swift in Sources */,
				B10E20F52A39650A00E2D51F /* Character.swift in Sources */,
				B10E20EE2A390B6A00E2D51F /* CharacterDetailVC.swift in Sources */,
				B10E20F02A39506F00E2D51F /* MainSplitVC.swift in Sources */,
			);
			runOnlyForDeploymentPostprocessing = 0;
		};
		B10E21112A399B3900E2D51F /* Sources */ = {
			isa = PBXSourcesBuildPhase;
			buildActionMask = 2147483647;
			files = (
				B10E21122A399B3900E2D51F /* CharacterListTableVC.swift in Sources */,
				B10E21132A399B3900E2D51F /* AppDelegate.swift in Sources */,
				B10E21142A399B3900E2D51F /* SceneDelegate.swift in Sources */,
				B10E21152A399B3900E2D51F /* DuckduckgoAPIService.swift in Sources */,
				B10E21162A399B3900E2D51F /* CharacterViewModel.swift in Sources */,
				B10E21172A399B3900E2D51F /* Character.swift in Sources */,
				B10E21182A399B3900E2D51F /* CharacterDetailVC.swift in Sources */,
				B10E21192A399B3900E2D51F /* MainSplitVC.swift in Sources */,
			);
			runOnlyForDeploymentPostprocessing = 0;
		};
/* End PBXSourcesBuildPhase section */

/* Begin PBXVariantGroup section */
		B10E20DD2A3908CD00E2D51F /* Main.storyboard */ = {
			isa = PBXVariantGroup;
			children = (
				B10E20DE2A3908CD00E2D51F /* Base */,
			);
			name = Main.storyboard;
			sourceTree = "<group>";
		};
		B10E20E22A3908CE00E2D51F /* LaunchScreen.storyboard */ = {
			isa = PBXVariantGroup;
			children = (
				B10E20E32A3908CE00E2D51F /* Base */,
			);
			name = LaunchScreen.storyboard;
			sourceTree = "<group>";
		};
/* End PBXVariantGroup section */

/* Begin XCBuildConfiguration section */
		B10E20E62A3908CE00E2D51F /* Debug */ = {
			isa = XCBuildConfiguration;
			buildSettings = {
				ALWAYS_SEARCH_USER_PATHS = NO;
				CLANG_ANALYZER_NONNULL = YES;
				CLANG_ANALYZER_NUMBER_OBJECT_CONVERSION = YES_AGGRESSIVE;
				CLANG_CXX_LANGUAGE_STANDARD = "gnu++20";
				CLANG_ENABLE_MODULES = YES;
				CLANG_ENABLE_OBJC_ARC = YES;
				CLANG_ENABLE_OBJC_WEAK = YES;
				CLANG_WARN_BLOCK_CAPTURE_AUTORELEASING = YES;
				CLANG_WARN_BOOL_CONVERSION = YES;
				CLANG_WARN_COMMA = YES;
				CLANG_WARN_CONSTANT_CONVERSION = YES;
				CLANG_WARN_DEPRECATED_OBJC_IMPLEMENTATIONS = YES;
				CLANG_WARN_DIRECT_OBJC_ISA_USAGE = YES_ERROR;
				CLANG_WARN_DOCUMENTATION_COMMENTS = YES;
				CLANG_WARN_EMPTY_BODY = YES;
				CLANG_WARN_ENUM_CONVERSION = YES;
				CLANG_WARN_INFINITE_RECURSION = YES;
				CLANG_WARN_INT_CONVERSION = YES;
				CLANG_WARN_NON_LITERAL_NULL_CONVERSION = YES;
				CLANG_WARN_OBJC_IMPLICIT_RETAIN_SELF = YES;
				CLANG_WARN_OBJC_LITERAL_CONVERSION = YES;
				CLANG_WARN_OBJC_ROOT_CLASS = YES_ERROR;
				CLANG_WARN_QUOTED_INCLUDE_IN_FRAMEWORK_HEADER = YES;
				CLANG_WARN_RANGE_LOOP_ANALYSIS = YES;
				CLANG_WARN_STRICT_PROTOTYPES = YES;
				CLANG_WARN_SUSPICIOUS_MOVE = YES;
				CLANG_WARN_UNGUARDED_AVAILABILITY = YES_AGGRESSIVE;
				CLANG_WARN_UNREACHABLE_CODE = YES;
				CLANG_WARN__DUPLICATE_METHOD_MATCH = YES;
				COPY_PHASE_STRIP = NO;
				DEBUG_INFORMATION_FORMAT = dwarf;
				ENABLE_STRICT_OBJC_MSGSEND = YES;
				ENABLE_TESTABILITY = YES;
				GCC_C_LANGUAGE_STANDARD = gnu11;
				GCC_DYNAMIC_NO_PIC = NO;
				GCC_NO_COMMON_BLOCKS = YES;
				GCC_OPTIMIZATION_LEVEL = 0;
				GCC_PREPROCESSOR_DEFINITIONS = (
					"DEBUG=1",
					"$(inherited)",
				);
				GCC_WARN_64_TO_32_BIT_CONVERSION = YES;
				GCC_WARN_ABOUT_RETURN_TYPE = YES_ERROR;
				GCC_WARN_UNDECLARED_SELECTOR = YES;
				GCC_WARN_UNINITIALIZED_AUTOS = YES_AGGRESSIVE;
				GCC_WARN_UNUSED_FUNCTION = YES;
				GCC_WARN_UNUSED_VARIABLE = YES;
				IPHONEOS_DEPLOYMENT_TARGET = 16.4;
				MTL_ENABLE_DEBUG_INFO = INCLUDE_SOURCE;
				MTL_FAST_MATH = YES;
				ONLY_ACTIVE_ARCH = YES;
				SDKROOT = iphoneos;
				SWIFT_ACTIVE_COMPILATION_CONDITIONS = DEBUG;
				SWIFT_OPTIMIZATION_LEVEL = "-Onone";
			};
			name = Debug;
		};
		B10E20E72A3908CE00E2D51F /* Release */ = {
			isa = XCBuildConfiguration;
			buildSettings = {
				ALWAYS_SEARCH_USER_PATHS = NO;
				CLANG_ANALYZER_NONNULL = YES;
				CLANG_ANALYZER_NUMBER_OBJECT_CONVERSION = YES_AGGRESSIVE;
				CLANG_CXX_LANGUAGE_STANDARD = "gnu++20";
				CLANG_ENABLE_MODULES = YES;
				CLANG_ENABLE_OBJC_ARC = YES;
				CLANG_ENABLE_OBJC_WEAK = YES;
				CLANG_WARN_BLOCK_CAPTURE_AUTORELEASING = YES;
				CLANG_WARN_BOOL_CONVERSION = YES;
				CLANG_WARN_COMMA = YES;
				CLANG_WARN_CONSTANT_CONVERSION = YES;
				CLANG_WARN_DEPRECATED_OBJC_IMPLEMENTATIONS = YES;
				CLANG_WARN_DIRECT_OBJC_ISA_USAGE = YES_ERROR;
				CLANG_WARN_DOCUMENTATION_COMMENTS = YES;
				CLANG_WARN_EMPTY_BODY = YES;
				CLANG_WARN_ENUM_CONVERSION = YES;
				CLANG_WARN_INFINITE_RECURSION = YES;
				CLANG_WARN_INT_CONVERSION = YES;
				CLANG_WARN_NON_LITERAL_NULL_CONVERSION = YES;
				CLANG_WARN_OBJC_IMPLICIT_RETAIN_SELF = YES;
				CLANG_WARN_OBJC_LITERAL_CONVERSION = YES;
				CLANG_WARN_OBJC_ROOT_CLASS = YES_ERROR;
				CLANG_WARN_QUOTED_INCLUDE_IN_FRAMEWORK_HEADER = YES;
				CLANG_WARN_RANGE_LOOP_ANALYSIS = YES;
				CLANG_WARN_STRICT_PROTOTYPES = YES;
				CLANG_WARN_SUSPICIOUS_MOVE = YES;
				CLANG_WARN_UNGUARDED_AVAILABILITY = YES_AGGRESSIVE;
				CLANG_WARN_UNREACHABLE_CODE = YES;
				CLANG_WARN__DUPLICATE_METHOD_MATCH = YES;
				COPY_PHASE_STRIP = NO;
				DEBUG_INFORMATION_FORMAT = "dwarf-with-dsym";
				ENABLE_NS_ASSERTIONS = NO;
				ENABLE_STRICT_OBJC_MSGSEND = YES;
				GCC_C_LANGUAGE_STANDARD = gnu11;
				GCC_NO_COMMON_BLOCKS = YES;
				GCC_WARN_64_TO_32_BIT_CONVERSION = YES;
				GCC_WARN_ABOUT_RETURN_TYPE = YES_ERROR;
				GCC_WARN_UNDECLARED_SELECTOR = YES;
				GCC_WARN_UNINITIALIZED_AUTOS = YES_AGGRESSIVE;
				GCC_WARN_UNUSED_FUNCTION = YES;
				GCC_WARN_UNUSED_VARIABLE = YES;
				IPHONEOS_DEPLOYMENT_TARGET = 16.4;
				MTL_ENABLE_DEBUG_INFO = NO;
				MTL_FAST_MATH = YES;
				SDKROOT = iphoneos;
				SWIFT_COMPILATION_MODE = wholemodule;
				SWIFT_OPTIMIZATION_LEVEL = "-O";
				VALIDATE_PRODUCT = YES;
			};
			name = Release;
		};
		B10E20E92A3908CE00E2D51F /* Debug */ = {
			isa = XCBuildConfiguration;
			buildSettings = {
				ASSETCATALOG_COMPILER_APPICON_NAME = AppIcon;
				ASSETCATALOG_COMPILER_GLOBAL_ACCENT_COLOR_NAME = AccentColor;
				CODE_SIGN_STYLE = Automatic;
				CURRENT_PROJECT_VERSION = 1;
				GENERATE_INFOPLIST_FILE = YES;
				INFOPLIST_FILE = CharacterViewer/Info.plist;
				INFOPLIST_KEY_UIApplicationSupportsIndirectInputEvents = YES;
				INFOPLIST_KEY_UILaunchStoryboardName = LaunchScreen;
				INFOPLIST_KEY_UIMainStoryboardFile = Main;
				INFOPLIST_KEY_UISupportedInterfaceOrientations_iPad = "UIInterfaceOrientationPortrait UIInterfaceOrientationPortraitUpsideDown UIInterfaceOrientationLandscapeLeft UIInterfaceOrientationLandscapeRight";
				INFOPLIST_KEY_UISupportedInterfaceOrientations_iPhone = "UIInterfaceOrientationPortrait UIInterfaceOrientationLandscapeLeft UIInterfaceOrientationLandscapeRight";
				LD_RUNPATH_SEARCH_PATHS = (
					"$(inherited)",
					"@executable_path/Frameworks",
				);
				MARKETING_VERSION = 1.0;
				PRODUCT_BUNDLE_IDENTIFIER = com.sample.simpsonsviewer;
				PRODUCT_NAME = "$(TARGET_NAME)";
				SWIFT_EMIT_LOC_STRINGS = YES;
				SWIFT_VERSION = 5.0;
				TARGETED_DEVICE_FAMILY = "1,2";
			};
			name = Debug;
		};
		B10E20EA2A3908CE00E2D51F /* Release */ = {
			isa = XCBuildConfiguration;
			buildSettings = {
				ASSETCATALOG_COMPILER_APPICON_NAME = AppIcon;
				ASSETCATALOG_COMPILER_GLOBAL_ACCENT_COLOR_NAME = AccentColor;
				CODE_SIGN_STYLE = Automatic;
				CURRENT_PROJECT_VERSION = 1;
				GENERATE_INFOPLIST_FILE = YES;
				INFOPLIST_FILE = CharacterViewer/Info.plist;
				INFOPLIST_KEY_UIApplicationSupportsIndirectInputEvents = YES;
				INFOPLIST_KEY_UILaunchStoryboardName = LaunchScreen;
				INFOPLIST_KEY_UIMainStoryboardFile = Main;
				INFOPLIST_KEY_UISupportedInterfaceOrientations_iPad = "UIInterfaceOrientationPortrait UIInterfaceOrientationPortraitUpsideDown UIInterfaceOrientationLandscapeLeft UIInterfaceOrientationLandscapeRight";
				INFOPLIST_KEY_UISupportedInterfaceOrientations_iPhone = "UIInterfaceOrientationPortrait UIInterfaceOrientationLandscapeLeft UIInterfaceOrientationLandscapeRight";
				LD_RUNPATH_SEARCH_PATHS = (
					"$(inherited)",
					"@executable_path/Frameworks",
				);
				MARKETING_VERSION = 1.0;
				PRODUCT_BUNDLE_IDENTIFIER = com.sample.simpsonsviewer;
				PRODUCT_NAME = "$(TARGET_NAME)";
				SWIFT_EMIT_LOC_STRINGS = YES;
				SWIFT_VERSION = 5.0;
				TARGETED_DEVICE_FAMILY = "1,2";
			};
			name = Release;
		};
		B10E21202A399B3900E2D51F /* Debug */ = {
			isa = XCBuildConfiguration;
			buildSettings = {
				ASSETCATALOG_COMPILER_APPICON_NAME = AppIcon;
				ASSETCATALOG_COMPILER_GLOBAL_ACCENT_COLOR_NAME = AccentColor;
				CODE_SIGN_STYLE = Automatic;
				CURRENT_PROJECT_VERSION = 1;
				GENERATE_INFOPLIST_FILE = YES;
				INFOPLIST_FILE = CharacterViewer/Info.plist;
				INFOPLIST_KEY_UIApplicationSupportsIndirectInputEvents = YES;
				INFOPLIST_KEY_UILaunchStoryboardName = LaunchScreen;
				INFOPLIST_KEY_UIMainStoryboardFile = Main;
				INFOPLIST_KEY_UISupportedInterfaceOrientations_iPad = "UIInterfaceOrientationPortrait UIInterfaceOrientationPortraitUpsideDown UIInterfaceOrientationLandscapeLeft UIInterfaceOrientationLandscapeRight";
				INFOPLIST_KEY_UISupportedInterfaceOrientations_iPhone = "UIInterfaceOrientationPortrait UIInterfaceOrientationLandscapeLeft UIInterfaceOrientationLandscapeRight";
				LD_RUNPATH_SEARCH_PATHS = (
					"$(inherited)",
					"@executable_path/Frameworks",
				);
				MARKETING_VERSION = 1.0;
				PRODUCT_BUNDLE_IDENTIFIER = com.sample.wireviewer;
				PRODUCT_NAME = "$(TARGET_NAME)";
				SWIFT_EMIT_LOC_STRINGS = YES;
				SWIFT_VERSION = 5.0;
				TARGETED_DEVICE_FAMILY = "1,2";
			};
			name = Debug;
		};
		B10E21212A399B3900E2D51F /* Release */ = {
			isa = XCBuildConfiguration;
			buildSettings = {
				ASSETCATALOG_COMPILER_APPICON_NAME = AppIcon;
				ASSETCATALOG_COMPILER_GLOBAL_ACCENT_COLOR_NAME = AccentColor;
				CODE_SIGN_STYLE = Automatic;
				CURRENT_PROJECT_VERSION = 1;
				GENERATE_INFOPLIST_FILE = YES;
				INFOPLIST_FILE = CharacterViewer/Info.plist;
				INFOPLIST_KEY_UIApplicationSupportsIndirectInputEvents = YES;
				INFOPLIST_KEY_UILaunchStoryboardName = LaunchScreen;
				INFOPLIST_KEY_UIMainStoryboardFile = Main;
				INFOPLIST_KEY_UISupportedInterfaceOrientations_iPad = "UIInterfaceOrientationPortrait UIInterfaceOrientationPortraitUpsideDown UIInterfaceOrientationLandscapeLeft UIInterfaceOrientationLandscapeRight";
				INFOPLIST_KEY_UISupportedInterfaceOrientations_iPhone = "UIInterfaceOrientationPortrait UIInterfaceOrientationLandscapeLeft UIInterfaceOrientationLandscapeRight";
				LD_RUNPATH_SEARCH_PATHS = (
					"$(inherited)",
					"@executable_path/Frameworks",
				);
				MARKETING_VERSION = 1.0;
				PRODUCT_BUNDLE_IDENTIFIER = com.sample.wireviewer;
				PRODUCT_NAME = "$(TARGET_NAME)";
				SWIFT_EMIT_LOC_STRINGS = YES;
				SWIFT_VERSION = 5.0;
				TARGETED_DEVICE_FAMILY = "1,2";
			};
			name = Release;
		};
/* End XCBuildConfiguration section */

/* Begin XCConfigurationList section */
		B10E20CF2A3908CD00E2D51F /* Build configuration list for PBXProject "CharacterViewer" */ = {
			isa = XCConfigurationList;
			buildConfigurations = (
				B10E20E62A3908CE00E2D51F /* Debug */,
				B10E20E72A3908CE00E2D51F /* Release */,
			);
			defaultConfigurationIsVisible = 0;
			defaultConfigurationName = Release;
		};
		B10E20E82A3908CE00E2D51F /* Build configuration list for PBXNativeTarget "CharacterViewerSimpson" */ = {
			isa = XCConfigurationList;
			buildConfigurations = (
				B10E20E92A3908CE00E2D51F /* Debug */,
				B10E20EA2A3908CE00E2D51F /* Release */,
			);
			defaultConfigurationIsVisible = 0;
			defaultConfigurationName = Release;
		};
		B10E211F2A399B3900E2D51F /* Build configuration list for PBXNativeTarget "CharacterViewerWire" */ = {
			isa = XCConfigurationList;
			buildConfigurations = (
				B10E21202A399B3900E2D51F /* Debug */,
				B10E21212A399B3900E2D51F /* Release */,
			);
			defaultConfigurationIsVisible = 0;
			defaultConfigurationName = Release;
		};
/* End XCConfigurationList section */
	};
	rootObject = B10E20CC2A3908CD00E2D51F /* Project object */;
}
